# Python 3.10 deployment lock resolved on Ubuntu 22.04 (ROS Humble).
annotated-types==0.8.0
asgiref==3.12.1
cffi==2.1.1
channels==4.3.2
click==8.5.0
cryptography==50.0.2
Django==5.2.18
et_xmlfile==2.0.0
h11==0.16.0
openpyxl==3.1.5
paho-mqtt==2.1.0
pycparser==3.1
pydantic==2.14.0
pydantic_core==2.50.0
python-dotenv==1.2.4
PyYAML==6.0.3
sqlparse==0.6.0
typing-inspection==0.4.4
typing_extensions==4.16.0
uvicorn==0.54.0
websocket-client==1.9.2
websockets==15.0.1
wsaccel==0.6.7
